// !$*UTF8*$!
{
	archiveVersion = 1;
	classes = {
	};
	objectVersion = 50;
	objects = {

/* Begin PBXBuildFile section */
		38E7064027ECC2560056DDC1 /* DatosClima.swift in Sources */ = {isa = PBXBuildFile; fileRef = 38E7063F27ECC2560056DDC1 /* DatosClima.swift */; };
		38E7064327ECC3810056DDC1 /* ClimaModelo.swift in Sources */ = {isa = PBXBuildFile; fileRef = 38E7064227ECC3810056DDC1 /* ClimaModelo.swift */; };
		38F39DC327E3859200276E53 /* AppDelegate.swift in Sources */ = {isa = PBXBuildFile; fileRef = 38F39DC227E3859200276E53 /* AppDelegate.swift */; };
		38F39DC527E3859200276E53 /* SceneDelegate.swift in Sources */ = {isa = PBXBuildFile; fileRef = 38F39DC427E3859200276E53 /* SceneDelegate.swift */; };
		38F39DC727E3859200276E53 /* ViewController.swift in Sources */ = {isa = PBXBuildFile; fileRef = 38F39DC627E3859200276E53 /* ViewController.swift */; };
		38F39DCA27E3859200276E53 /* Main.storyboard in Resources */ = {isa = PBXBuildFile; fileRef = 38F39DC827E3859200276E53 /* Main.storyboard */; };
		38F39DCC27E3859300276E53 /* Assets.xcassets in Resources */ = {isa = PBXBuildFile; fileRef = 38F39DCB27E3859300276E53 /* Assets.xcassets */; };
		38F39DCF27E3859300276E53 /* LaunchScreen.storyboard in Resources */ = {isa = PBXBuildFile; fileRef = 38F39DCD27E3859300276E53 /* LaunchScreen.storyboard */; };
		38F5FAA427EB710E00F35605 /* climaManager.swift in Sources */ = {isa = PBXBuildFile; fileRef = 38F5FAA327EB710E00F35605 /* climaManager.swift */; };
/* End PBXBuildFile section */

/* Begin PBXFileReference section */
		38E7063F27ECC2560056DDC1 /* DatosClima.swift */ = {isa = PBXFileReference; lastKnownFileType = sourcecode.swift; path = DatosClima.swift; sourceTree = "<group>"; };
		38E7064227ECC3810056DDC1 /* ClimaModelo.swift */ = {isa = PBXFileReference; lastKnownFileType = sourcecode.swift; path = ClimaModelo.swift; sourceTree = "<group>"; };
		38F39DBF27E3859200276E53 /* clima.app */ = {isa = PBXFileReference; explicitFileType = wrapper.application; includeInIndex = 0; path = clima.app; sourceTree = BUILT_PRODUCTS_DIR; };
		38F39DC227E3859200276E53 /* AppDelegate.swift */ = {isa = PBXFileReference; lastKnownFileType = sourcecode.swift; path = AppDelegate.swift; sourceTree = "<group>"; };
		38F39DC427E3859200276E53 /* SceneDelegate.swift */ = {isa = PBXFileReference; lastKnownFileType = sourcecode.swift; path = SceneDelegate.swift; sourceTree = "<group>"; };
		38F39DC627E3859200276E53 /* ViewController.swift */ = {isa = PBXFileReference; lastKnownFileType = sourcecode.swift; path = ViewController.swift; sourceTree = "<group>"; };
		38F39DC927E3859200276E53 /* Base */ = {isa = PBXFileReference; lastKnownFileType = file.storyboard; name = Base; path = Base.lproj/Main.storyboard; sourceTree = "<group>"; };
		38F39DCB27E3859300276E53 /* Assets.xcassets */ = {isa = PBXFileReference; lastKnownFileType = folder.assetcatalog; path = Assets.xcassets; sourceTree = "<group>"; };
		38F39DCE27E3859300276E53 /* Base */ = {isa = PBXFileReference; lastKnownFileType = file.storyboard; name = Base; path = Base.lproj/LaunchScreen.storyboard; sourceTree = "<group>"; };
		38F39DD027E3859300276E53 /* Info.plist */ = {isa = PBXFileReference; lastKnownFileType = text.plist.xml; path = Info.plist; sourceTree = "<group>"; };
		38F5FAA327EB710E00F35605 /* climaManager.swift */ = {isa = PBXFileReference; lastKnownFileType = sourcecode.swift; path = climaManager.swift; sourceTree = "<group>"; };
/* End PBXFileReference section */

/* Begin PBXFrameworksBuildPhase section */
		38F39DBC27E3859200276E53 /* Frameworks */ = {
			isa = PBXFrameworksBuildPhase;
			buildActionMask = 2147483647;
			files = (
			);
			runOnlyForDeploymentPostprocessing = 0;
		};
/* End PBXFrameworksBuildPhase section */

/* Begin PBXGroup section */
		38F39DB627E3859200276E53 = {
			isa = PBXGroup;
			children = (
				38F39DC127E3859200276E53 /* clima */,
				38F39DC027E3859200276E53 /* Products */,
			);
			sourceTree = "<group>";
		};
		38F39DC027E3859200276E53 /* Products */ = {
			isa = PBXGroup;
			children = (
				38F39DBF27E3859200276E53 /* clima.app */,
			);
			name = Products;
			sourceTree = "<group>";
		};
		38F39DC127E3859200276E53 /* clima */ = {
			isa = PBXGroup;
			children = (
				38F39DC227E3859200276E53 /* AppDelegate.swift */,
				38F39DC427E3859200276E53 /* SceneDelegate.swift */,
				38F39DC627E3859200276E53 /* ViewController.swift */,
				38F39DC827E3859200276E53 /* Main.storyboard */,
				38F39DCB27E3859300276E53 /* Assets.xcassets */,
				38F39DCD27E3859300276E53 /* LaunchScreen.storyboard */,
				38F39DD027E3859300276E53 /* Info.plist */,
				38F5FAA327EB710E00F35605 /* climaManager.swift */,
				38E7063F27ECC2560056DDC1 /* DatosClima.swift */,
				38E7064227ECC3810056DDC1 /* ClimaModelo.swift */,
			);
			path = clima;
			sourceTree = "<group>";
		};
/* End PBXGroup section */

/* Begin PBXNativeTarget section */
		38F39DBE27E3859200276E53 /* clima */ = {
			isa = PBXNativeTarget;
			buildConfigurationList = 38F39DD327E3859300276E53 /* Build configuration list for PBXNativeTarget "clima" */;
			buildPhases = (
				38F39DBB27E3859200276E53 /* Sources */,
				38F39DBC27E3859200276E53 /* Frameworks */,
				38F39DBD27E3859200276E53 /* Resources */,
			);
			buildRules = (
			);
			dependencies = (
			);
			name = clima;
			productName = clima;
			productReference = 38F39DBF27E3859200276E53 /* clima.app */;
			productType = "com.apple.product-type.application";
		};
/* End PBXNativeTarget section */

/* Begin PBXProject section */
		38F39DB727E3859200276E53 /* Project object */ = {
			isa = PBXProject;
			attributes = {
				LastSwiftUpdateCheck = 1240;
				LastUpgradeCheck = 1240;
				TargetAttributes = {
					38F39DBE27E3859200276E53 = {
						CreatedOnToolsVersion = 12.4;
					};
				};
			};
			buildConfigurationList = 38F39DBA27E3859200276E53 /* Build configuration list for PBXProject "clima" */;
			compatibilityVersion = "Xcode 9.3";
			developmentRegion = en;
			hasScannedForEncodings = 0;
			knownRegions = (
				en,
				Base,
			);
			mainGroup = 38F39DB627E3859200276E53;
			productRefGroup = 38F39DC027E3859200276E53 /* Products */;
			projectDirPath = "";
			projectRoot = "";
			targets = (
				38F39DBE27E3859200276E53 /* clima */,
			);
		};
/* End PBXProject section */

/* Begin PBXResourcesBuildPhase section */
		38F39DBD27E3859200276E53 /* Resources */ = {
			isa = PBXResourcesBuildPhase;
			buildActionMask = 2147483647;
			files = (
				38F39DCF27E3859300276E53 /* LaunchScreen.storyboard in Resources */,
				38F39DCC27E3859300276E53 /* Assets.xcassets in Resources */,
				38F39DCA27E3859200276E53 /* Main.storyboard in Resources */,
			);
			runOnlyForDeploymentPostprocessing = 0;
		};
/* End PBXResourcesBuildPhase section */

/* Begin PBXSourcesBuildPhase section */
		38F39DBB27E3859200276E53 /* Sources */ = {
			isa = PBXSourcesBuildPhase;
			buildActionMask = 2147483647;
			files = (
				38E7064327ECC3810056DDC1 /* ClimaModelo.swift in Sources */,
				38F39DC727E3859200276E53 /* ViewController.swift in Sources */,
				38E7064027ECC2560056DDC1 /* DatosClima.swift in Sources */,
				38F39DC327E3859200276E53 /* AppDelegate.swift in Sources */,
				38F5FAA427EB710E00F35605 /* climaManager.swift in Sources */,
				38F39DC527E3859200276E53 /* SceneDelegate.swift in Sources */,
			);
			runOnlyForDeploymentPostprocessing = 0;
		};
/* End PBXSourcesBuildPhase section */

/* Begin PBXVariantGroup section */
		38F39DC827E3859200276E53 /* Main.storyboard */ = {
			isa = PBXVariantGroup;
			children = (
				38F39DC927E3859200276E53 /* Base */,
			);
			name = Main.storyboard;
			sourceTree = "<group>";
		};
		38F39DCD27E3859300276E53 /* LaunchScreen.storyboard */ = {
			isa = PBXVariantGroup;
			children = (
				38F39DCE27E3859300276E53 /* Base */,
			);
			name = LaunchScreen.storyboard;
			sourceTree = "<group>";
		};
/* End PBXVariantGroup section */

/* Begin XCBuildConfiguration section */
		38F39DD127E3859300276E53 /* Debug */ = {
			isa = XCBuildConfiguration;
			buildSettings = {
				ALWAYS_SEARCH_USER_PATHS = NO;
				CLANG_ANALYZER_NONNULL = YES;
				CLANG_ANALYZER_NUMBER_OBJECT_CONVERSION = YES_AGGRESSIVE;
				CLANG_CXX_LANGUAGE_STANDARD = "gnu++14";
				CLANG_CXX_LIBRARY = "libc++";
				CLANG_ENABLE_MODULES = YES;
				CLANG_ENABLE_OBJC_ARC = YES;
				CLANG_ENABLE_OBJC_WEAK = YES;
				CLANG_WARN_BLOCK_CAPTURE_AUTORELEASING = YES;
				CLANG_WARN_BOOL_CONVERSION = YES;
				CLANG_WARN_COMMA = YES;
				CLANG_WARN_CONSTANT_CONVERSION = YES;
				CLANG_WARN_DEPRECATED_OBJC_IMPLEMENTATIONS = YES;
				CLANG_WARN_DIRECT_OBJC_ISA_USAGE = YES_ERROR;
				CLANG_WARN_DOCUMENTATION_COMMENTS = YES;
				CLANG_WARN_EMPTY_BODY = YES;
				CLANG_WARN_ENUM_CONVERSION = YES;
				CLANG_WARN_INFINITE_RECURSION = YES;
				CLANG_WARN_INT_CONVERSION = YES;
				CLANG_WARN_NON_LITERAL_NULL_CONVERSION = YES;
				CLANG_WARN_OBJC_IMPLICIT_RETAIN_SELF = YES;
				CLANG_WARN_OBJC_LITERAL_CONVERSION = YES;
				CLANG_WARN_OBJC_ROOT_CLASS = YES_ERROR;
				CLANG_WARN_QUOTED_INCLUDE_IN_FRAMEWORK_HEADER = YES;
				CLANG_WARN_RANGE_LOOP_ANALYSIS = YES;
				CLANG_WARN_STRICT_PROTOTYPES = YES;
				CLANG_WARN_SUSPICIOUS_MOVE = YES;
				CLANG_WARN_UNGUARDED_AVAILABILITY = YES_AGGRESSIVE;
				CLANG_WARN_UNREACHABLE_CODE = YES;
				CLANG_WARN__DUPLICATE_METHOD_MATCH = YES;
				COPY_PHASE_STRIP = NO;
				DEBUG_INFORMATION_FORMAT = dwarf;
				ENABLE_STRICT_OBJC_MSGSEND = YES;
				ENABLE_TESTABILITY = YES;
				GCC_C_LANGUAGE_STANDARD = gnu11;
				GCC_DYNAMIC_NO_PIC = NO;
				GCC_NO_COMMON_BLOCKS = YES;
				GCC_OPTIMIZATION_LEVEL = 0;
				GCC_PREPROCESSOR_DEFINITIONS = (
					"DEBUG=1",
					"$(inherited)",
				);
				GCC_WARN_64_TO_32_BIT_CONVERSION = YES;
				GCC_WARN_ABOUT_RETURN_TYPE = YES_ERROR;
				GCC_WARN_UNDECLARED_SELECTOR = YES;
				GCC_WARN_UNINITIALIZED_AUTOS = YES_AGGRESSIVE;
				GCC_WARN_UNUSED_FUNCTION = YES;
				GCC_WARN_UNUSED_VARIABLE = YES;
				IPHONEOS_DEPLOYMENT_TARGET = 14.4;
				MTL_ENABLE_DEBUG_INFO = INCLUDE_SOURCE;
				MTL_FAST_MATH = YES;
				ONLY_ACTIVE_ARCH = YES;
				SDKROOT = iphoneos;
				SWIFT_ACTIVE_COMPILATION_CONDITIONS = DEBUG;
				SWIFT_OPTIMIZATION_LEVEL = "-Onone";
			};
			name = Debug;
		};
		38F39DD227E3859300276E53 /* Release */ = {
			isa = XCBuildConfiguration;
			buildSettings = {
				ALWAYS_SEARCH_USER_PATHS = NO;
				CLANG_ANALYZER_NONNULL = YES;
				CLANG_ANALYZER_NUMBER_OBJECT_CONVERSION = YES_AGGRESSIVE;
				CLANG_CXX_LANGUAGE_STANDARD = "gnu++14";
				CLANG_CXX_LIBRARY = "libc++";
				CLANG_ENABLE_MODULES = YES;
				CLANG_ENABLE_OBJC_ARC = YES;
				CLANG_ENABLE_OBJC_WEAK = YES;
				CLANG_WARN_BLOCK_CAPTURE_AUTORELEASING = YES;
				CLANG_WARN_BOOL_CONVERSION = YES;
				CLANG_WARN_COMMA = YES;
				CLANG_WARN_CONSTANT_CONVERSION = YES;
				CLANG_WARN_DEPRECATED_OBJC_IMPLEMENTATIONS = YES;
				CLANG_WARN_DIRECT_OBJC_ISA_USAGE = YES_ERROR;
				CLANG_WARN_DOCUMENTATION_COMMENTS = YES;
				CLANG_WARN_EMPTY_BODY = YES;
				CLANG_WARN_ENUM_CONVERSION = YES;
				CLANG_WARN_INFINITE_RECURSION = YES;
				CLANG_WARN_INT_CONVERSION = YES;
				CLANG_WARN_NON_LITERAL_NULL_CONVERSION = YES;
				CLANG_WARN_OBJC_IMPLICIT_RETAIN_SELF = YES;
				CLANG_WARN_OBJC_LITERAL_CONVERSION = YES;
				CLANG_WARN_OBJC_ROOT_CLASS = YES_ERROR;
				CLANG_WARN_QUOTED_INCLUDE_IN_FRAMEWORK_HEADER = YES;
				CLANG_WARN_RANGE_LOOP_ANALYSIS = YES;
				CLANG_WARN_STRICT_PROTOTYPES = YES;
				CLANG_WARN_SUSPICIOUS_MOVE = YES;
				CLANG_WARN_UNGUARDED_AVAILABILITY = YES_AGGRESSIVE;
				CLANG_WARN_UNREACHABLE_CODE = YES;
				CLANG_WARN__DUPLICATE_METHOD_MATCH = YES;
				COPY_PHASE_STRIP = NO;
				DEBUG_INFORMATION_FORMAT = "dwarf-with-dsym";
				ENABLE_NS_ASSERTIONS = NO;
				ENABLE_STRICT_OBJC_MSGSEND = YES;
				GCC_C_LANGUAGE_STANDARD = gnu11;
				GCC_NO_COMMON_BLOCKS = YES;
				GCC_WARN_64_TO_32_BIT_CONVERSION = YES;
				GCC_WARN_ABOUT_RETURN_TYPE = YES_ERROR;
				GCC_WARN_UNDECLARED_SELECTOR = YES;
				GCC_WARN_UNINITIALIZED_AUTOS = YES_AGGRESSIVE;
				GCC_WARN_UNUSED_FUNCTION = YES;
				GCC_WARN_UNUSED_VARIABLE = YES;
				IPHONEOS_DEPLOYMENT_TARGET = 14.4;
				MTL_ENABLE_DEBUG_INFO = NO;
				MTL_FAST_MATH = YES;
				SDKROOT = iphoneos;
				SWIFT_COMPILATION_MODE = wholemodule;
				SWIFT_OPTIMIZATION_LEVEL = "-O";
				VALIDATE_PRODUCT = YES;
			};
			name = Release;
		};
		38F39DD427E3859300276E53 /* Debug */ = {
			isa = XCBuildConfiguration;
			buildSettings = {
				ASSETCATALOG_COMPILER_APPICON_NAME = AppIcon;
				ASSETCATALOG_COMPILER_GLOBAL_ACCENT_COLOR_NAME = AccentColor;
				CODE_SIGN_STYLE = Automatic;
				INFOPLIST_FILE = clima/Info.plist;
				LD_RUNPATH_SEARCH_PATHS = (
					"$(inherited)",
					"@executable_path/Frameworks",
				);
				PRODUCT_BUNDLE_IDENTIFIER = com.itmorelia.clima;
				PRODUCT_NAME = "$(TARGET_NAME)";
				SWIFT_VERSION = 5.0;
				TARGETED_DEVICE_FAMILY = "1,2";
			};
			name = Debug;
		};
		38F39DD527E3859300276E53 /* Release */ = {
			isa = XCBuildConfiguration;
			buildSettings = {
				ASSETCATALOG_COMPILER_APPICON_NAME = AppIcon;
				ASSETCATALOG_COMPILER_GLOBAL_ACCENT_COLOR_NAME = AccentColor;
				CODE_SIGN_STYLE = Automatic;
				INFOPLIST_FILE = clima/Info.plist;
				LD_RUNPATH_SEARCH_PATHS = (
					"$(inherited)",
					"@executable_path/Frameworks",
				);
				PRODUCT_BUNDLE_IDENTIFIER = com.itmorelia.clima;
				PRODUCT_NAME = "$(TARGET_NAME)";
				SWIFT_VERSION = 5.0;
				TARGETED_DEVICE_FAMILY = "1,2";
			};
			name = Release;
		};
/* End XCBuildConfiguration section */

/* Begin XCConfigurationList section */
		38F39DBA27E3859200276E53 /* Build configuration list for PBXProject "clima" */ = {
			isa = XCConfigurationList;
			buildConfigurations = (
				38F39DD127E3859300276E53 /* Debug */,
				38F39DD227E3859300276E53 /* Release */,
			);
			defaultConfigurationIsVisible = 0;
			defaultConfigurationName = Release;
		};
		38F39DD327E3859300276E53 /* Build configuration list for PBXNativeTarget "clima" */ = {
			isa = XCConfigurationList;
			buildConfigurations = (
				38F39DD427E3859300276E53 /* Debug */,
				38F39DD527E3859300276E53 /* Release */,
			);
			defaultConfigurationIsVisible = 0;
			defaultConfigurationName = Release;
		};
/* End XCConfigurationList section */
	};
	rootObject = 38F39DB727E3859200276E53 /* Project object */;
}
